
Microsoft Visual Studio Solution File, Format Version 12.00
# Visual Studio Version 17
VisualStudioVersion = 17.7.34202.233
MinimumVisualStudioVersion = 10.0.40219.1
Project("{FAE04EC0-301F-11D3-BF4B-00C04F79EFBC}") = "krediAPP", "krediAPP\krediAPP.csproj", "{2A121C92-190F-4153-B0D0-BC698463106B}"
EndProject
Global
	GlobalSection(SolutionConfigurationPlatforms) = preSolution
		Debug|Any CPU = Debug|Any CPU
		Release|Any CPU = Release|Any CPU
	EndGlobalSection
	GlobalSection(ProjectConfigurationPlatforms) = postSolution
		{2A121C92-190F-4153-B0D0-BC698463106B}.Debug|Any CPU.ActiveCfg = Debug|Any CPU
		{2A121C92-190F-4153-B0D0-BC698463106B}.Debug|Any CPU.Build.0 = Debug|Any CPU
		{2A121C92-190F-4153-B0D0-BC698463106B}.Release|Any CPU.ActiveCfg = Release|Any CPU
		{2A121C92-190F-4153-B0D0-BC698463106B}.Release|Any CPU.Build.0 = Release|Any CPU
	EndGlobalSection
	GlobalSection(SolutionProperties) = preSolution
		HideSolutionNode = FALSE
	EndGlobalSection
	GlobalSection(ExtensibilityGlobals) = postSolution
		SolutionGuid = {B5188E5B-22AB-4C3B-B571-325DDEC0FFA8}
	EndGlobalSection
EndGlobal
